// !$*UTF8*$!
{
	archiveVersion = 1;
	classes = {
	};
	objectVersion = 50;
	objects = {

/* Begin PBXBuildFile section */
		1C145F0726B57EDF00E7A74B /* Weather_App__SwiftUI_App.swift in Sources */ = {isa = PBXBuildFile; fileRef = 1C145F0626B57EDF00E7A74B /* Weather_App__SwiftUI_App.swift */; };
		1C145F0926B57EDF00E7A74B /* MainView.swift in Sources */ = {isa = PBXBuildFile; fileRef = 1C145F0826B57EDF00E7A74B /* MainView.swift */; };
		1C145F0B26B57EE200E7A74B /* Assets.xcassets in Resources */ = {isa = PBXBuildFile; fileRef = 1C145F0A26B57EE200E7A74B /* Assets.xcassets */; };
		1C145F0E26B57EE200E7A74B /* Preview Assets.xcassets in Resources */ = {isa = PBXBuildFile; fileRef = 1C145F0D26B57EE200E7A74B /* Preview Assets.xcassets */; };
		1C145F1D26B57FCF00E7A74B /* NetworkManager.swift in Sources */ = {isa = PBXBuildFile; fileRef = 1C145F1C26B57FCF00E7A74B /* NetworkManager.swift */; };
		1C145F1F26B5828C00E7A74B /* Constants.swift in Sources */ = {isa = PBXBuildFile; fileRef = 1C145F1E26B5828C00E7A74B /* Constants.swift */; };
		1C1EE36D26BB3B4C00C00737 /* SplashView.swift in Sources */ = {isa = PBXBuildFile; fileRef = 1C1EE36C26BB3B4C00C00737 /* SplashView.swift */; };
		1C61A2CA26B9E0B100A8DCB0 /* LocationManager.swift in Sources */ = {isa = PBXBuildFile; fileRef = 1C61A2C926B9E0B100A8DCB0 /* LocationManager.swift */; };
		1CA576D626B593DB0045910A /* OpenWeatherApiModel.swift in Sources */ = {isa = PBXBuildFile; fileRef = 1CA576D526B593DB0045910A /* OpenWeatherApiModel.swift */; };
		1CA576D826B5966B0045910A /* MainViewModel.swift in Sources */ = {isa = PBXBuildFile; fileRef = 1CA576D726B5966B0045910A /* MainViewModel.swift */; };
		1CA576DA26B599D70045910A /* Coordinates.swift in Sources */ = {isa = PBXBuildFile; fileRef = 1CA576D926B599D70045910A /* Coordinates.swift */; };
		1CA576DE26B5A3860045910A /* WeatherView.swift in Sources */ = {isa = PBXBuildFile; fileRef = 1CA576DD26B5A3860045910A /* WeatherView.swift */; };
/* End PBXBuildFile section */

/* Begin PBXFileReference section */
		1C145F0326B57EDF00E7A74B /* Weather App (SwiftUI).app */ = {isa = PBXFileReference; explicitFileType = wrapper.application; includeInIndex = 0; path = "Weather App (SwiftUI).app"; sourceTree = BUILT_PRODUCTS_DIR; };
		1C145F0626B57EDF00E7A74B /* Weather_App__SwiftUI_App.swift */ = {isa = PBXFileReference; lastKnownFileType = sourcecode.swift; path = Weather_App__SwiftUI_App.swift; sourceTree = "<group>"; };
		1C145F0826B57EDF00E7A74B /* MainView.swift */ = {isa = PBXFileReference; lastKnownFileType = sourcecode.swift; path = MainView.swift; sourceTree = "<group>"; };
		1C145F0A26B57EE200E7A74B /* Assets.xcassets */ = {isa = PBXFileReference; lastKnownFileType = folder.assetcatalog; path = Assets.xcassets; sourceTree = "<group>"; };
		1C145F0D26B57EE200E7A74B /* Preview Assets.xcassets */ = {isa = PBXFileReference; lastKnownFileType = folder.assetcatalog; path = "Preview Assets.xcassets"; sourceTree = "<group>"; };
		1C145F0F26B57EE200E7A74B /* Info.plist */ = {isa = PBXFileReference; lastKnownFileType = text.plist.xml; path = Info.plist; sourceTree = "<group>"; };
		1C145F1C26B57FCF00E7A74B /* NetworkManager.swift */ = {isa = PBXFileReference; lastKnownFileType = sourcecode.swift; path = NetworkManager.swift; sourceTree = "<group>"; };
		1C145F1E26B5828C00E7A74B /* Constants.swift */ = {isa = PBXFileReference; lastKnownFileType = sourcecode.swift; path = Constants.swift; sourceTree = "<group>"; };
		1C1EE36C26BB3B4C00C00737 /* SplashView.swift */ = {isa = PBXFileReference; lastKnownFileType = sourcecode.swift; path = SplashView.swift; sourceTree = "<group>"; };
		1C61A2C926B9E0B100A8DCB0 /* LocationManager.swift */ = {isa = PBXFileReference; lastKnownFileType = sourcecode.swift; path = LocationManager.swift; sourceTree = "<group>"; };
		1CA576D526B593DB0045910A /* OpenWeatherApiModel.swift */ = {isa = PBXFileReference; lastKnownFileType = sourcecode.swift; path = OpenWeatherApiModel.swift; sourceTree = "<group>"; };
		1CA576D726B5966B0045910A /* MainViewModel.swift */ = {isa = PBXFileReference; lastKnownFileType = sourcecode.swift; path = MainViewModel.swift; sourceTree = "<group>"; };
		1CA576D926B599D70045910A /* Coordinates.swift */ = {isa = PBXFileReference; lastKnownFileType = sourcecode.swift; path = Coordinates.swift; sourceTree = "<group>"; };
		1CA576DD26B5A3860045910A /* WeatherView.swift */ = {isa = PBXFileReference; lastKnownFileType = sourcecode.swift; path = WeatherView.swift; sourceTree = "<group>"; };
/* End PBXFileReference section */

/* Begin PBXFrameworksBuildPhase section */
		1C145F0026B57EDF00E7A74B /* Frameworks */ = {
			isa = PBXFrameworksBuildPhase;
			buildActionMask = 2147483647;
			files = (
			);
			runOnlyForDeploymentPostprocessing = 0;
		};
/* End PBXFrameworksBuildPhase section */

/* Begin PBXGroup section */
		1C145EFA26B57EDF00E7A74B = {
			isa = PBXGroup;
			children = (
				1C145F0526B57EDF00E7A74B /* Weather App (SwiftUI) */,
				1C145F0426B57EDF00E7A74B /* Products */,
			);
			sourceTree = "<group>";
		};
		1C145F0426B57EDF00E7A74B /* Products */ = {
			isa = PBXGroup;
			children = (
				1C145F0326B57EDF00E7A74B /* Weather App (SwiftUI).app */,
			);
			name = Products;
			sourceTree = "<group>";
		};
		1C145F0526B57EDF00E7A74B /* Weather App (SwiftUI) */ = {
			isa = PBXGroup;
			children = (
				1C145F1626B57F1000E7A74B /* Common */,
				1C145F1526B57F0700E7A74B /* Module */,
				1C145F0626B57EDF00E7A74B /* Weather_App__SwiftUI_App.swift */,
				1C145F0A26B57EE200E7A74B /* Assets.xcassets */,
				1C145F0F26B57EE200E7A74B /* Info.plist */,
				1C145F0C26B57EE200E7A74B /* Preview Content */,
			);
			path = "Weather App (SwiftUI)";
			sourceTree = "<group>";
		};
		1C145F0C26B57EE200E7A74B /* Preview Content */ = {
			isa = PBXGroup;
			children = (
				1C145F0D26B57EE200E7A74B /* Preview Assets.xcassets */,
			);
			path = "Preview Content";
			sourceTree = "<group>";
		};
		1C145F1526B57F0700E7A74B /* Module */ = {
			isa = PBXGroup;
			children = (
				1C145F1726B57F2B00E7A74B /* Main */,
				1C1EE36C26BB3B4C00C00737 /* SplashView.swift */,
			);
			path = Module;
			sourceTree = "<group>";
		};
		1C145F1626B57F1000E7A74B /* Common */ = {
			isa = PBXGroup;
			children = (
				1C145F1B26B57FB000E7A74B /* Network */,
				1C145F1E26B5828C00E7A74B /* Constants.swift */,
			);
			path = Common;
			sourceTree = "<group>";
		};
		1C145F1726B57F2B00E7A74B /* Main */ = {
			isa = PBXGroup;
			children = (
				1C145F1A26B57F4C00E7A74B /* Model */,
				1C145F1926B57F3C00E7A74B /* View Model */,
				1C145F1826B57F3600E7A74B /* View */,
			);
			path = Main;
			sourceTree = "<group>";
		};
		1C145F1826B57F3600E7A74B /* View */ = {
			isa = PBXGroup;
			children = (
				1C145F0826B57EDF00E7A74B /* MainView.swift */,
				1CA576DD26B5A3860045910A /* WeatherView.swift */,
			);
			path = View;
			sourceTree = "<group>";
		};
		1C145F1926B57F3C00E7A74B /* View Model */ = {
			isa = PBXGroup;
			children = (
				1CA576D726B5966B0045910A /* MainViewModel.swift */,
			);
			path = "View Model";
			sourceTree = "<group>";
		};
		1C145F1A26B57F4C00E7A74B /* Model */ = {
			isa = PBXGroup;
			children = (
				1CA576D526B593DB0045910A /* OpenWeatherApiModel.swift */,
				1CA576D926B599D70045910A /* Coordinates.swift */,
				1C61A2C926B9E0B100A8DCB0 /* LocationManager.swift */,
			);
			path = Model;
			sourceTree = "<group>";
		};
		1C145F1B26B57FB000E7A74B /* Network */ = {
			isa = PBXGroup;
			children = (
				1C145F1C26B57FCF00E7A74B /* NetworkManager.swift */,
			);
			path = Network;
			sourceTree = "<group>";
		};
/* End PBXGroup section */

/* Begin PBXNativeTarget section */
		1C145F0226B57EDF00E7A74B /* Weather App (SwiftUI) */ = {
			isa = PBXNativeTarget;
			buildConfigurationList = 1C145F1226B57EE200E7A74B /* Build configuration list for PBXNativeTarget "Weather App (SwiftUI)" */;
			buildPhases = (
				1C145EFF26B57EDF00E7A74B /* Sources */,
				1C145F0026B57EDF00E7A74B /* Frameworks */,
				1C145F0126B57EDF00E7A74B /* Resources */,
			);
			buildRules = (
			);
			dependencies = (
			);
			name = "Weather App (SwiftUI)";
			productName = "Weather App (SwiftUI)";
			productReference = 1C145F0326B57EDF00E7A74B /* Weather App (SwiftUI).app */;
			productType = "com.apple.product-type.application";
		};
/* End PBXNativeTarget section */

/* Begin PBXProject section */
		1C145EFB26B57EDF00E7A74B /* Project object */ = {
			isa = PBXProject;
			attributes = {
				LastSwiftUpdateCheck = 1250;
				LastUpgradeCheck = 1250;
				TargetAttributes = {
					1C145F0226B57EDF00E7A74B = {
						CreatedOnToolsVersion = 12.5.1;
					};
				};
			};
			buildConfigurationList = 1C145EFE26B57EDF00E7A74B /* Build configuration list for PBXProject "Weather App (SwiftUI)" */;
			compatibilityVersion = "Xcode 9.3";
			developmentRegion = en;
			hasScannedForEncodings = 0;
			knownRegions = (
				en,
				Base,
			);
			mainGroup = 1C145EFA26B57EDF00E7A74B;
			productRefGroup = 1C145F0426B57EDF00E7A74B /* Products */;
			projectDirPath = "";
			projectRoot = "";
			targets = (
				1C145F0226B57EDF00E7A74B /* Weather App (SwiftUI) */,
			);
		};
/* End PBXProject section */

/* Begin PBXResourcesBuildPhase section */
		1C145F0126B57EDF00E7A74B /* Resources */ = {
			isa = PBXResourcesBuildPhase;
			buildActionMask = 2147483647;
			files = (
				1C145F0E26B57EE200E7A74B /* Preview Assets.xcassets in Resources */,
				1C145F0B26B57EE200E7A74B /* Assets.xcassets in Resources */,
			);
			runOnlyForDeploymentPostprocessing = 0;
		};
/* End PBXResourcesBuildPhase section */

/* Begin PBXSourcesBuildPhase section */
		1C145EFF26B57EDF00E7A74B /* Sources */ = {
			isa = PBXSourcesBuildPhase;
			buildActionMask = 2147483647;
			files = (
				1CA576D626B593DB0045910A /* OpenWeatherApiModel.swift in Sources */,
				1C145F1D26B57FCF00E7A74B /* NetworkManager.swift in Sources */,
				1CA576DA26B599D70045910A /* Coordinates.swift in Sources */,
				1C145F0926B57EDF00E7A74B /* MainView.swift in Sources */,
				1C145F0726B57EDF00E7A74B /* Weather_App__SwiftUI_App.swift in Sources */,
				1CA576DE26B5A3860045910A /* WeatherView.swift in Sources */,
				1C145F1F26B5828C00E7A74B /* Constants.swift in Sources */,
				1C1EE36D26BB3B4C00C00737 /* SplashView.swift in Sources */,
				1CA576D826B5966B0045910A /* MainViewModel.swift in Sources */,
				1C61A2CA26B9E0B100A8DCB0 /* LocationManager.swift in Sources */,
			);
			runOnlyForDeploymentPostprocessing = 0;
		};
/* End PBXSourcesBuildPhase section */

/* Begin XCBuildConfiguration section */
		1C145F1026B57EE200E7A74B /* Debug */ = {
			isa = XCBuildConfiguration;
			buildSettings = {
				ALWAYS_SEARCH_USER_PATHS = NO;
				CLANG_ANALYZER_NONNULL = YES;
				CLANG_ANALYZER_NUMBER_OBJECT_CONVERSION = YES_AGGRESSIVE;
				CLANG_CXX_LANGUAGE_STANDARD = "gnu++14";
				CLANG_CXX_LIBRARY = "libc++";
				CLANG_ENABLE_MODULES = YES;
				CLANG_ENABLE_OBJC_ARC = YES;
				CLANG_ENABLE_OBJC_WEAK = YES;
				CLANG_WARN_BLOCK_CAPTURE_AUTORELEASING = YES;
				CLANG_WARN_BOOL_CONVERSION = YES;
				CLANG_WARN_COMMA = YES;
				CLANG_WARN_CONSTANT_CONVERSION = YES;
				CLANG_WARN_DEPRECATED_OBJC_IMPLEMENTATIONS = YES;
				CLANG_WARN_DIRECT_OBJC_ISA_USAGE = YES_ERROR;
				CLANG_WARN_DOCUMENTATION_COMMENTS = YES;
				CLANG_WARN_EMPTY_BODY = YES;
				CLANG_WARN_ENUM_CONVERSION = YES;
				CLANG_WARN_INFINITE_RECURSION = YES;
				CLANG_WARN_INT_CONVERSION = YES;
				CLANG_WARN_NON_LITERAL_NULL_CONVERSION = YES;
				CLANG_WARN_OBJC_IMPLICIT_RETAIN_SELF = YES;
				CLANG_WARN_OBJC_LITERAL_CONVERSION = YES;
				CLANG_WARN_OBJC_ROOT_CLASS = YES_ERROR;
				CLANG_WARN_QUOTED_INCLUDE_IN_FRAMEWORK_HEADER = YES;
				CLANG_WARN_RANGE_LOOP_ANALYSIS = YES;
				CLANG_WARN_STRICT_PROTOTYPES = YES;
				CLANG_WARN_SUSPICIOUS_MOVE = YES;
				CLANG_WARN_UNGUARDED_AVAILABILITY = YES_AGGRESSIVE;
				CLANG_WARN_UNREACHABLE_CODE = YES;
				CLANG_WARN__DUPLICATE_METHOD_MATCH = YES;
				COPY_PHASE_STRIP = NO;
				DEBUG_INFORMATION_FORMAT = dwarf;
				ENABLE_STRICT_OBJC_MSGSEND = YES;
				ENABLE_TESTABILITY = YES;
				GCC_C_LANGUAGE_STANDARD = gnu11;
				GCC_DYNAMIC_NO_PIC = NO;
				GCC_NO_COMMON_BLOCKS = YES;
				GCC_OPTIMIZATION_LEVEL = 0;
				GCC_PREPROCESSOR_DEFINITIONS = (
					"DEBUG=1",
					"$(inherited)",
				);
				GCC_WARN_64_TO_32_BIT_CONVERSION = YES;
				GCC_WARN_ABOUT_RETURN_TYPE = YES_ERROR;
				GCC_WARN_UNDECLARED_SELECTOR = YES;
				GCC_WARN_UNINITIALIZED_AUTOS = YES_AGGRESSIVE;
				GCC_WARN_UNUSED_FUNCTION = YES;
				GCC_WARN_UNUSED_VARIABLE = YES;
				IPHONEOS_DEPLOYMENT_TARGET = 14.5;
				MTL_ENABLE_DEBUG_INFO = INCLUDE_SOURCE;
				MTL_FAST_MATH = YES;
				ONLY_ACTIVE_ARCH = YES;
				SDKROOT = iphoneos;
				SWIFT_ACTIVE_COMPILATION_CONDITIONS = DEBUG;
				SWIFT_OPTIMIZATION_LEVEL = "-Onone";
			};
			name = Debug;
		};
		1C145F1126B57EE200E7A74B /* Release */ = {
			isa = XCBuildConfiguration;
			buildSettings = {
				ALWAYS_SEARCH_USER_PATHS = NO;
				CLANG_ANALYZER_NONNULL = YES;
				CLANG_ANALYZER_NUMBER_OBJECT_CONVERSION = YES_AGGRESSIVE;
				CLANG_CXX_LANGUAGE_STANDARD = "gnu++14";
				CLANG_CXX_LIBRARY = "libc++";
				CLANG_ENABLE_MODULES = YES;
				CLANG_ENABLE_OBJC_ARC = YES;
				CLANG_ENABLE_OBJC_WEAK = YES;
				CLANG_WARN_BLOCK_CAPTURE_AUTORELEASING = YES;
				CLANG_WARN_BOOL_CONVERSION = YES;
				CLANG_WARN_COMMA = YES;
				CLANG_WARN_CONSTANT_CONVERSION = YES;
				CLANG_WARN_DEPRECATED_OBJC_IMPLEMENTATIONS = YES;
				CLANG_WARN_DIRECT_OBJC_ISA_USAGE = YES_ERROR;
				CLANG_WARN_DOCUMENTATION_COMMENTS = YES;
				CLANG_WARN_EMPTY_BODY = YES;
				CLANG_WARN_ENUM_CONVERSION = YES;
				CLANG_WARN_INFINITE_RECURSION = YES;
				CLANG_WARN_INT_CONVERSION = YES;
				CLANG_WARN_NON_LITERAL_NULL_CONVERSION = YES;
				CLANG_WARN_OBJC_IMPLICIT_RETAIN_SELF = YES;
				CLANG_WARN_OBJC_LITERAL_CONVERSION = YES;
				CLANG_WARN_OBJC_ROOT_CLASS = YES_ERROR;
				CLANG_WARN_QUOTED_INCLUDE_IN_FRAMEWORK_HEADER = YES;
				CLANG_WARN_RANGE_LOOP_ANALYSIS = YES;
				CLANG_WARN_STRICT_PROTOTYPES = YES;
				CLANG_WARN_SUSPICIOUS_MOVE = YES;
				CLANG_WARN_UNGUARDED_AVAILABILITY = YES_AGGRESSIVE;
				CLANG_WARN_UNREACHABLE_CODE = YES;
				CLANG_WARN__DUPLICATE_METHOD_MATCH = YES;
				COPY_PHASE_STRIP = NO;
				DEBUG_INFORMATION_FORMAT = "dwarf-with-dsym";
				ENABLE_NS_ASSERTIONS = NO;
				ENABLE_STRICT_OBJC_MSGSEND = YES;
				GCC_C_LANGUAGE_STANDARD = gnu11;
				GCC_NO_COMMON_BLOCKS = YES;
				GCC_WARN_64_TO_32_BIT_CONVERSION = YES;
				GCC_WARN_ABOUT_RETURN_TYPE = YES_ERROR;
				GCC_WARN_UNDECLARED_SELECTOR = YES;
				GCC_WARN_UNINITIALIZED_AUTOS = YES_AGGRESSIVE;
				GCC_WARN_UNUSED_FUNCTION = YES;
				GCC_WARN_UNUSED_VARIABLE = YES;
				IPHONEOS_DEPLOYMENT_TARGET = 14.5;
				MTL_ENABLE_DEBUG_INFO = NO;
				MTL_FAST_MATH = YES;
				SDKROOT = iphoneos;
				SWIFT_COMPILATION_MODE = wholemodule;
				SWIFT_OPTIMIZATION_LEVEL = "-O";
				VALIDATE_PRODUCT = YES;
			};
			name = Release;
		};
		1C145F1326B57EE200E7A74B /* Debug */ = {
			isa = XCBuildConfiguration;
			buildSettings = {
				ASSETCATALOG_COMPILER_APPICON_NAME = AppIcon;
				ASSETCATALOG_COMPILER_GLOBAL_ACCENT_COLOR_NAME = AccentColor;
				CODE_SIGN_STYLE = Automatic;
				DEVELOPMENT_ASSET_PATHS = "\"Weather App (SwiftUI)/Preview Content\"";
				DEVELOPMENT_TEAM = X8F92F5YZ5;
				ENABLE_PREVIEWS = YES;
				INFOPLIST_FILE = "Weather App (SwiftUI)/Info.plist";
				IPHONEOS_DEPLOYMENT_TARGET = 14.0;
				LD_RUNPATH_SEARCH_PATHS = (
					"$(inherited)",
					"@executable_path/Frameworks",
				);
				PRODUCT_BUNDLE_IDENTIFIER = "YamanBoztepe.Weather-App--SwiftUI-";
				PRODUCT_NAME = "$(TARGET_NAME)";
				SWIFT_VERSION = 5.0;
				TARGETED_DEVICE_FAMILY = "1,2";
			};
			name = Debug;
		};
		1C145F1426B57EE200E7A74B /* Release */ = {
			isa = XCBuildConfiguration;
			buildSettings = {
				ASSETCATALOG_COMPILER_APPICON_NAME = AppIcon;
				ASSETCATALOG_COMPILER_GLOBAL_ACCENT_COLOR_NAME = AccentColor;
				CODE_SIGN_STYLE = Automatic;
				DEVELOPMENT_ASSET_PATHS = "\"Weather App (SwiftUI)/Preview Content\"";
				DEVELOPMENT_TEAM = X8F92F5YZ5;
				ENABLE_PREVIEWS = YES;
				INFOPLIST_FILE = "Weather App (SwiftUI)/Info.plist";
				IPHONEOS_DEPLOYMENT_TARGET = 14.0;
				LD_RUNPATH_SEARCH_PATHS = (
					"$(inherited)",
					"@executable_path/Frameworks",
				);
				PRODUCT_BUNDLE_IDENTIFIER = "YamanBoztepe.Weather-App--SwiftUI-";
				PRODUCT_NAME = "$(TARGET_NAME)";
				SWIFT_VERSION = 5.0;
				TARGETED_DEVICE_FAMILY = "1,2";
			};
			name = Release;
		};
/* End XCBuildConfiguration section */

/* Begin XCConfigurationList section */
		1C145EFE26B57EDF00E7A74B /* Build configuration list for PBXProject "Weather App (SwiftUI)" */ = {
			isa = XCConfigurationList;
			buildConfigurations = (
				1C145F1026B57EE200E7A74B /* Debug */,
				1C145F1126B57EE200E7A74B /* Release */,
			);
			defaultConfigurationIsVisible = 0;
			defaultConfigurationName = Release;
		};
		1C145F1226B57EE200E7A74B /* Build configuration list for PBXNativeTarget "Weather App (SwiftUI)" */ = {
			isa = XCConfigurationList;
			buildConfigurations = (
				1C145F1326B57EE200E7A74B /* Debug */,
				1C145F1426B57EE200E7A74B /* Release */,
			);
			defaultConfigurationIsVisible = 0;
			defaultConfigurationName = Release;
		};
/* End XCConfigurationList section */
	};
	rootObject = 1C145EFB26B57EDF00E7A74B /* Project object */;
}
